
Microsoft Visual Studio Solution File, Format Version 12.00
# Visual Studio Version 16
VisualStudioVersion = 16.0.29318.209
MinimumVisualStudioVersion = 10.0.40219.1
Project("{FAE04EC0-301F-11D3-BF4B-00C04F79EFBC}") = "ProjectDemo1", "ProjectDemo1\ProjectDemo1.csproj", "{47BB8302-A9C8-4ACF-81D9-768BFE48EA43}"
EndProject
Project("{FAE04EC0-301F-11D3-BF4B-00C04F79EFBC}") = "CustomerEntityLibrary", "CustomerEntityLibrary\CustomerEntityLibrary.csproj", "{305380BD-BEF6-4E11-880A-D17CF1275497}"
EndProject
Project("{FAE04EC0-301F-11D3-BF4B-00C04F79EFBC}") = "Utils", "Utils\Utils.csproj", "{55A88A40-A538-4F47-AD60-B6F1DC273264}"
EndProject
Global
	GlobalSection(SolutionConfigurationPlatforms) = preSolution
		Debug|Any CPU = Debug|Any CPU
		Release|Any CPU = Release|Any CPU
	EndGlobalSection
	GlobalSection(ProjectConfigurationPlatforms) = postSolution
		{47BB8302-A9C8-4ACF-81D9-768BFE48EA43}.Debug|Any CPU.ActiveCfg = Debug|Any CPU
		{47BB8302-A9C8-4ACF-81D9-768BFE48EA43}.Debug|Any CPU.Build.0 = Debug|Any CPU
		{47BB8302-A9C8-4ACF-81D9-768BFE48EA43}.Release|Any CPU.ActiveCfg = Release|Any CPU
		{47BB8302-A9C8-4ACF-81D9-768BFE48EA43}.Release|Any CPU.Build.0 = Release|Any CPU
		{305380BD-BEF6-4E11-880A-D17CF1275497}.Debug|Any CPU.ActiveCfg = Debug|Any CPU
		{305380BD-BEF6-4E11-880A-D17CF1275497}.Debug|Any CPU.Build.0 = Debug|Any CPU
		{305380BD-BEF6-4E11-880A-D17CF1275497}.Release|Any CPU.ActiveCfg = Release|Any CPU
		{305380BD-BEF6-4E11-880A-D17CF1275497}.Release|Any CPU.Build.0 = Release|Any CPU
		{55A88A40-A538-4F47-AD60-B6F1DC273264}.Debug|Any CPU.ActiveCfg = Debug|Any CPU
		{55A88A40-A538-4F47-AD60-B6F1DC273264}.Debug|Any CPU.Build.0 = Debug|Any CPU
		{55A88A40-A538-4F47-AD60-B6F1DC273264}.Release|Any CPU.ActiveCfg = Release|Any CPU
		{55A88A40-A538-4F47-AD60-B6F1DC273264}.Release|Any CPU.Build.0 = Release|Any CPU
	EndGlobalSection
	GlobalSection(SolutionProperties) = preSolution
		HideSolutionNode = FALSE
	EndGlobalSection
	GlobalSection(ExtensibilityGlobals) = postSolution
		SolutionGuid = {B2A4E51F-9BB7-4A05-BA47-22E7BF2578E8}
	EndGlobalSection
EndGlobal
